
Microsoft Visual Studio Solution File, Format Version 12.00
# Visual Studio Version 17
VisualStudioVersion = 17.4.33122.133
MinimumVisualStudioVersion = 10.0.40219.1
Project("{9A19103F-16F7-4668-BE54-9A1E7A4F7556}") = "Homework", "Homework\Homework.csproj", "{8C782EE3-A7E5-45A1-A07A-646A06320AD1}"
EndProject
Project("{FAE04EC0-301F-11D3-BF4B-00C04F79EFBC}") = "HomeworkTest", "HomeworkTest\HomeworkTest.csproj", "{8C1E95F8-50EA-4AEC-89D6-B9F825E585BE}"
EndProject
Global
	GlobalSection(SolutionConfigurationPlatforms) = preSolution
		Debug|Any CPU = Debug|Any CPU
		Release|Any CPU = Release|Any CPU
	EndGlobalSection
	GlobalSection(ProjectConfigurationPlatforms) = postSolution
		{8C782EE3-A7E5-45A1-A07A-646A06320AD1}.Debug|Any CPU.ActiveCfg = Debug|Any CPU
		{8C782EE3-A7E5-45A1-A07A-646A06320AD1}.Debug|Any CPU.Build.0 = Debug|Any CPU
		{8C782EE3-A7E5-45A1-A07A-646A06320AD1}.Release|Any CPU.ActiveCfg = Release|Any CPU
		{8C782EE3-A7E5-45A1-A07A-646A06320AD1}.Release|Any CPU.Build.0 = Release|Any CPU
		{8C1E95F8-50EA-4AEC-89D6-B9F825E585BE}.Debug|Any CPU.ActiveCfg = Debug|Any CPU
		{8C1E95F8-50EA-4AEC-89D6-B9F825E585BE}.Debug|Any CPU.Build.0 = Debug|Any CPU
		{8C1E95F8-50EA-4AEC-89D6-B9F825E585BE}.Release|Any CPU.ActiveCfg = Release|Any CPU
		{8C1E95F8-50EA-4AEC-89D6-B9F825E585BE}.Release|Any CPU.Build.0 = Release|Any CPU
	EndGlobalSection
	GlobalSection(SolutionProperties) = preSolution
		HideSolutionNode = FALSE
	EndGlobalSection
	GlobalSection(ExtensibilityGlobals) = postSolution
		SolutionGuid = {AC8B7FB1-FE24-4DF2-97C0-B642A3553A08}
	EndGlobalSection
EndGlobal
